
Microsoft Visual Studio Solution File, Format Version 12.00
# Visual Studio 15
VisualStudioVersion = 15.0.26730.10
MinimumVisualStudioVersion = 10.0.40219.1
Project("{FAE04EC0-301F-11D3-BF4B-00C04F79EFBC}") = "ArgValidation", "ArgValidation\ArgValidation.csproj", "{A44E532A-CCFD-4329-A91F-7C92C44EC7FE}"
EndProject
Project("{FAE04EC0-301F-11D3-BF4B-00C04F79EFBC}") = "ArgValidation.Tests", "ArgValidation.Tests\ArgValidation.Tests.csproj", "{B08D3736-CECD-4403-A84E-BAAB7DFCAF5E}"
EndProject
Global
	GlobalSection(SolutionConfigurationPlatforms) = preSolution
		Debug|Any CPU = Debug|Any CPU
		Release|Any CPU = Release|Any CPU
	EndGlobalSection
	GlobalSection(ProjectConfigurationPlatforms) = postSolution
		{A44E532A-CCFD-4329-A91F-7C92C44EC7FE}.Debug|Any CPU.ActiveCfg = Debug|Any CPU
		{A44E532A-CCFD-4329-A91F-7C92C44EC7FE}.Debug|Any CPU.Build.0 = Debug|Any CPU
		{A44E532A-CCFD-4329-A91F-7C92C44EC7FE}.Release|Any CPU.ActiveCfg = Release|Any CPU
		{A44E532A-CCFD-4329-A91F-7C92C44EC7FE}.Release|Any CPU.Build.0 = Release|Any CPU
		{B08D3736-CECD-4403-A84E-BAAB7DFCAF5E}.Debug|Any CPU.ActiveCfg = Debug|Any CPU
		{B08D3736-CECD-4403-A84E-BAAB7DFCAF5E}.Debug|Any CPU.Build.0 = Debug|Any CPU
		{B08D3736-CECD-4403-A84E-BAAB7DFCAF5E}.Release|Any CPU.ActiveCfg = Release|Any CPU
		{B08D3736-CECD-4403-A84E-BAAB7DFCAF5E}.Release|Any CPU.Build.0 = Release|Any CPU
	EndGlobalSection
	GlobalSection(SolutionProperties) = preSolution
		HideSolutionNode = FALSE
	EndGlobalSection
	GlobalSection(ExtensibilityGlobals) = postSolution
		SolutionGuid = {A1219612-30F1-40F9-A88A-3D148152EB66}
	EndGlobalSection
EndGlobal
